
Microsoft Visual Studio Solution File, Format Version 12.00
# Visual Studio Version 17
VisualStudioVersion = 17.4.33213.308
MinimumVisualStudioVersion = 10.0.40219.1
Project("{FAE04EC0-301F-11D3-BF4B-00C04F79EFBC}") = "AlbumsShop", "AlbumsShop\AlbumsShop.csproj", "{93936D99-6296-4D13-B601-064386E93EC7}"
EndProject
Global
	GlobalSection(SolutionConfigurationPlatforms) = preSolution
		Debug|Any CPU = Debug|Any CPU
		Release|Any CPU = Release|Any CPU
	EndGlobalSection
	GlobalSection(ProjectConfigurationPlatforms) = postSolution
		{93936D99-6296-4D13-B601-064386E93EC7}.Debug|Any CPU.ActiveCfg = Debug|Any CPU
		{93936D99-6296-4D13-B601-064386E93EC7}.Debug|Any CPU.Build.0 = Debug|Any CPU
		{93936D99-6296-4D13-B601-064386E93EC7}.Release|Any CPU.ActiveCfg = Release|Any CPU
		{93936D99-6296-4D13-B601-064386E93EC7}.Release|Any CPU.Build.0 = Release|Any CPU
	EndGlobalSection
	GlobalSection(SolutionProperties) = preSolution
		HideSolutionNode = FALSE
	EndGlobalSection
	GlobalSection(ExtensibilityGlobals) = postSolution
		SolutionGuid = {48CFFA4D-A3E8-4F6A-9502-783A931A740B}
	EndGlobalSection
EndGlobal
